
Microsoft Visual Studio Solution File, Format Version 12.00
# Visual Studio Version 17
VisualStudioVersion = 17.14.36414.22
MinimumVisualStudioVersion = 10.0.40219.1
Project("{2150E333-8FDC-42A3-9474-1A3956D46DE8}") = "src", "src", "{827E0CD3-B72D-47B6-A68D-7590B98EB39B}"
EndProject
Project("{FAE04EC0-301F-11D3-BF4B-00C04F79EFBC}") = "IncidentHub.Api", "src\IncidentHub.Api\IncidentHub.Api.csproj", "{864784A0-2BCB-4611-9256-F120C39F6E25}"
EndProject
Project("{FAE04EC0-301F-11D3-BF4B-00C04F79EFBC}") = "IncidentHub.Application", "src\IncidentHub.Application\IncidentHub.Application.csproj", "{FD6BB1A5-E59A-4073-9588-EE2E620C721F}"
EndProject
Project("{FAE04EC0-301F-11D3-BF4B-00C04F79EFBC}") = "IncidentHub.Domain", "src\IncidentHub.Domain\IncidentHub.Domain.csproj", "{D0A2339D-012B-48B1-BC7D-6B6CE05E8AE4}"
EndProject
Project("{FAE04EC0-301F-11D3-BF4B-00C04F79EFBC}") = "IncidentHub.Infrastructure", "src\IncidentHub.Infrastructure\IncidentHub.Infrastructure.csproj", "{C31C2AD0-3CA8-42C1-BDC7-57579B582AA3}"
EndProject
Project("{FAE04EC0-301F-11D3-BF4B-00C04F79EFBC}") = "IncidentHub.Worker", "src\IncidentHub.Worker\IncidentHub.Worker.csproj", "{F87AF2A8-CC7D-4778-A21B-A815263734CD}"
EndProject
Project("{2150E333-8FDC-42A3-9474-1A3956D46DE8}") = "tests", "tests", "{0AB3BF05-4346-4AA6-1389-037BE0695223}"
EndProject
Project("{FAE04EC0-301F-11D3-BF4B-00C04F79EFBC}") = "IncidentHub.Api.IntegrationTests", "tests\IncidentHub.Api.IntegrationTests\IncidentHub.Api.IntegrationTests.csproj", "{813A800D-97DE-4552-BFDD-DC1D1FA4F885}"
EndProject
Project("{FAE04EC0-301F-11D3-BF4B-00C04F79EFBC}") = "IncidentHub.Application.UnitTests", "tests\IncidentHub.Application.UnitTests\IncidentHub.Application.UnitTests.csproj", "{56EF9921-6126-4117-8C87-9A4351F53F43}"
EndProject
Project("{FAE04EC0-301F-11D3-BF4B-00C04F79EFBC}") = "IncidentHub.Domain.UnitTests", "tests\IncidentHub.Domain.UnitTests\IncidentHub.Domain.UnitTests.csproj", "{B8449B63-A7BE-43BC-892C-EFB7FB7D425E}"
EndProject
Project("{FAE04EC0-301F-11D3-BF4B-00C04F79EFBC}") = "IncidentHub.Api.UnitTests", "tests\IncidentHub.Api.UnitTests\IncidentHub.Api.UnitTests.csproj", "{7D985AA3-9098-4545-AA98-2E67E82C2727}"
EndProject
Global
	GlobalSection(SolutionConfigurationPlatforms) = preSolution
		Debug|Any CPU = Debug|Any CPU
		Debug|x64 = Debug|x64
		Debug|x86 = Debug|x86
		Release|Any CPU = Release|Any CPU
		Release|x64 = Release|x64
		Release|x86 = Release|x86
	EndGlobalSection
	GlobalSection(ProjectConfigurationPlatforms) = postSolution
		{864784A0-2BCB-4611-9256-F120C39F6E25}.Debug|Any CPU.ActiveCfg = Debug|Any CPU
		{864784A0-2BCB-4611-9256-F120C39F6E25}.Debug|Any CPU.Build.0 = Debug|Any CPU
		{864784A0-2BCB-4611-9256-F120C39F6E25}.Debug|x64.ActiveCfg = Debug|Any CPU
		{864784A0-2BCB-4611-9256-F120C39F6E25}.Debug|x64.Build.0 = Debug|Any CPU
		{864784A0-2BCB-4611-9256-F120C39F6E25}.Debug|x86.ActiveCfg = Debug|Any CPU
		{864784A0-2BCB-4611-9256-F120C39F6E25}.Debug|x86.Build.0 = Debug|Any CPU
		{864784A0-2BCB-4611-9256-F120C39F6E25}.Release|Any CPU.ActiveCfg = Release|Any CPU
		{864784A0-2BCB-4611-9256-F120C39F6E25}.Release|Any CPU.Build.0 = Release|Any CPU
		{864784A0-2BCB-4611-9256-F120C39F6E25}.Release|x64.ActiveCfg = Release|Any CPU
		{864784A0-2BCB-4611-9256-F120C39F6E25}.Release|x64.Build.0 = Release|Any CPU
		{864784A0-2BCB-4611-9256-F120C39F6E25}.Release|x86.ActiveCfg = Release|Any CPU
		{864784A0-2BCB-4611-9256-F120C39F6E25}.Release|x86.Build.0 = Release|Any CPU
		{FD6BB1A5-E59A-4073-9588-EE2E620C721F}.Debug|Any CPU.ActiveCfg = Debug|Any CPU
		{FD6BB1A5-E59A-4073-9588-EE2E620C721F}.Debug|Any CPU.Build.0 = Debug|Any CPU
		{FD6BB1A5-E59A-4073-9588-EE2E620C721F}.Debug|x64.ActiveCfg = Debug|Any CPU
		{FD6BB1A5-E59A-4073-9588-EE2E620C721F}.Debug|x64.Build.0 = Debug|Any CPU
		{FD6BB1A5-E59A-4073-9588-EE2E620C721F}.Debug|x86.ActiveCfg = Debug|Any CPU
		{FD6BB1A5-E59A-4073-9588-EE2E620C721F}.Debug|x86.Build.0 = Debug|Any CPU
		{FD6BB1A5-E59A-4073-9588-EE2E620C721F}.Release|Any CPU.ActiveCfg = Release|Any CPU
		{FD6BB1A5-E59A-4073-9588-EE2E620C721F}.Release|Any CPU.Build.0 = Release|Any CPU
		{FD6BB1A5-E59A-4073-9588-EE2E620C721F}.Release|x64.ActiveCfg = Release|Any CPU
		{FD6BB1A5-E59A-4073-9588-EE2E620C721F}.Release|x64.Build.0 = Release|Any CPU
		{FD6BB1A5-E59A-4073-9588-EE2E620C721F}.Release|x86.ActiveCfg = Release|Any CPU
		{FD6BB1A5-E59A-4073-9588-EE2E620C721F}.Release|x86.Build.0 = Release|Any CPU
		{D0A2339D-012B-48B1-BC7D-6B6CE05E8AE4}.Debug|Any CPU.ActiveCfg = Debug|Any CPU
		{D0A2339D-012B-48B1-BC7D-6B6CE05E8AE4}.Debug|Any CPU.Build.0 = Debug|Any CPU
		{D0A2339D-012B-48B1-BC7D-6B6CE05E8AE4}.Debug|x64.ActiveCfg = Debug|Any CPU
		{D0A2339D-012B-48B1-BC7D-6B6CE05E8AE4}.Debug|x64.Build.0 = Debug|Any CPU
		{D0A2339D-012B-48B1-BC7D-6B6CE05E8AE4}.Debug|x86.ActiveCfg = Debug|Any CPU
		{D0A2339D-012B-48B1-BC7D-6B6CE05E8AE4}.Debug|x86.Build.0 = Debug|Any CPU
		{D0A2339D-012B-48B1-BC7D-6B6CE05E8AE4}.Release|Any CPU.ActiveCfg = Release|Any CPU
		{D0A2339D-012B-48B1-BC7D-6B6CE05E8AE4}.Release|Any CPU.Build.0 = Release|Any CPU
		{D0A2339D-012B-48B1-BC7D-6B6CE05E8AE4}.Release|x64.ActiveCfg = Release|Any CPU
		{D0A2339D-012B-48B1-BC7D-6B6CE05E8AE4}.Release|x64.Build.0 = Release|Any CPU
		{D0A2339D-012B-48B1-BC7D-6B6CE05E8AE4}.Release|x86.ActiveCfg = Release|Any CPU
		{D0A2339D-012B-48B1-BC7D-6B6CE05E8AE4}.Release|x86.Build.0 = Release|Any CPU
		{C31C2AD0-3CA8-42C1-BDC7-57579B582AA3}.Debug|Any CPU.ActiveCfg = Debug|Any CPU
		{C31C2AD0-3CA8-42C1-BDC7-57579B582AA3}.Debug|Any CPU.Build.0 = Debug|Any CPU
		{C31C2AD0-3CA8-42C1-BDC7-57579B582AA3}.Debug|x64.ActiveCfg = Debug|Any CPU
		{C31C2AD0-3CA8-42C1-BDC7-57579B582AA3}.Debug|x64.Build.0 = Debug|Any CPU
		{C31C2AD0-3CA8-42C1-BDC7-57579B582AA3}.Debug|x86.ActiveCfg = Debug|Any CPU
		{C31C2AD0-3CA8-42C1-BDC7-57579B582AA3}.Debug|x86.Build.0 = Debug|Any CPU
		{C31C2AD0-3CA8-42C1-BDC7-57579B582AA3}.Release|Any CPU.ActiveCfg = Release|Any CPU
		{C31C2AD0-3CA8-42C1-BDC7-57579B582AA3}.Release|Any CPU.Build.0 = Release|Any CPU
		{C31C2AD0-3CA8-42C1-BDC7-57579B582AA3}.Release|x64.ActiveCfg = Release|Any CPU
		{C31C2AD0-3CA8-42C1-BDC7-57579B582AA3}.Release|x64.Build.0 = Release|Any CPU
		{C31C2AD0-3CA8-42C1-BDC7-57579B582AA3}.Release|x86.ActiveCfg = Release|Any CPU
		{C31C2AD0-3CA8-42C1-BDC7-57579B582AA3}.Release|x86.Build.0 = Release|Any CPU
		{F87AF2A8-CC7D-4778-A21B-A815263734CD}.Debug|Any CPU.ActiveCfg = Debug|Any CPU
		{F87AF2A8-CC7D-4778-A21B-A815263734CD}.Debug|Any CPU.Build.0 = Debug|Any CPU
		{F87AF2A8-CC7D-4778-A21B-A815263734CD}.Debug|x64.ActiveCfg = Debug|Any CPU
		{F87AF2A8-CC7D-4778-A21B-A815263734CD}.Debug|x64.Build.0 = Debug|Any CPU
		{F87AF2A8-CC7D-4778-A21B-A815263734CD}.Debug|x86.ActiveCfg = Debug|Any CPU
		{F87AF2A8-CC7D-4778-A21B-A815263734CD}.Debug|x86.Build.0 = Debug|Any CPU
		{F87AF2A8-CC7D-4778-A21B-A815263734CD}.Release|Any CPU.ActiveCfg = Release|Any CPU
		{F87AF2A8-CC7D-4778-A21B-A815263734CD}.Release|Any CPU.Build.0 = Release|Any CPU
		{F87AF2A8-CC7D-4778-A21B-A815263734CD}.Release|x64.ActiveCfg = Release|Any CPU
		{F87AF2A8-CC7D-4778-A21B-A815263734CD}.Release|x64.Build.0 = Release|Any CPU
		{F87AF2A8-CC7D-4778-A21B-A815263734CD}.Release|x86.ActiveCfg = Release|Any CPU
		{F87AF2A8-CC7D-4778-A21B-A815263734CD}.Release|x86.Build.0 = Release|Any CPU
		{813A800D-97DE-4552-BFDD-DC1D1FA4F885}.Debug|Any CPU.ActiveCfg = Debug|Any CPU
		{813A800D-97DE-4552-BFDD-DC1D1FA4F885}.Debug|Any CPU.Build.0 = Debug|Any CPU
		{813A800D-97DE-4552-BFDD-DC1D1FA4F885}.Debug|x64.ActiveCfg = Debug|Any CPU
		{813A800D-97DE-4552-BFDD-DC1D1FA4F885}.Debug|x64.Build.0 = Debug|Any CPU
		{813A800D-97DE-4552-BFDD-DC1D1FA4F885}.Debug|x86.ActiveCfg = Debug|Any CPU
		{813A800D-97DE-4552-BFDD-DC1D1FA4F885}.Debug|x86.Build.0 = Debug|Any CPU
		{813A800D-97DE-4552-BFDD-DC1D1FA4F885}.Release|Any CPU.ActiveCfg = Release|Any CPU
		{813A800D-97DE-4552-BFDD-DC1D1FA4F885}.Release|Any CPU.Build.0 = Release|Any CPU
		{813A800D-97DE-4552-BFDD-DC1D1FA4F885}.Release|x64.ActiveCfg = Release|Any CPU
		{813A800D-97DE-4552-BFDD-DC1D1FA4F885}.Release|x64.Build.0 = Release|Any CPU
		{813A800D-97DE-4552-BFDD-DC1D1FA4F885}.Release|x86.ActiveCfg = Release|Any CPU
		{813A800D-97DE-4552-BFDD-DC1D1FA4F885}.Release|x86.Build.0 = Release|Any CPU
		{56EF9921-6126-4117-8C87-9A4351F53F43}.Debug|Any CPU.ActiveCfg = Debug|Any CPU
		{56EF9921-6126-4117-8C87-9A4351F53F43}.Debug|Any CPU.Build.0 = Debug|Any CPU
		{56EF9921-6126-4117-8C87-9A4351F53F43}.Debug|x64.ActiveCfg = Debug|Any CPU
		{56EF9921-6126-4117-8C87-9A4351F53F43}.Debug|x64.Build.0 = Debug|Any CPU
		{56EF9921-6126-4117-8C87-9A4351F53F43}.Debug|x86.ActiveCfg = Debug|Any CPU
		{56EF9921-6126-4117-8C87-9A4351F53F43}.Debug|x86.Build.0 = Debug|Any CPU
		{56EF9921-6126-4117-8C87-9A4351F53F43}.Release|Any CPU.ActiveCfg = Release|Any CPU
		{56EF9921-6126-4117-8C87-9A4351F53F43}.Release|Any CPU.Build.0 = Release|Any CPU
		{56EF9921-6126-4117-8C87-9A4351F53F43}.Release|x64.ActiveCfg = Release|Any CPU
		{56EF9921-6126-4117-8C87-9A4351F53F43}.Release|x64.Build.0 = Release|Any CPU
		{56EF9921-6126-4117-8C87-9A4351F53F43}.Release|x86.ActiveCfg = Release|Any CPU
		{56EF9921-6126-4117-8C87-9A4351F53F43}.Release|x86.Build.0 = Release|Any CPU
		{B8449B63-A7BE-43BC-892C-EFB7FB7D425E}.Debug|Any CPU.ActiveCfg = Debug|Any CPU
		{B8449B63-A7BE-43BC-892C-EFB7FB7D425E}.Debug|Any CPU.Build.0 = Debug|Any CPU
		{B8449B63-A7BE-43BC-892C-EFB7FB7D425E}.Debug|x64.ActiveCfg = Debug|Any CPU
		{B8449B63-A7BE-43BC-892C-EFB7FB7D425E}.Debug|x64.Build.0 = Debug|Any CPU
		{B8449B63-A7BE-43BC-892C-EFB7FB7D425E}.Debug|x86.ActiveCfg = Debug|Any CPU
		{B8449B63-A7BE-43BC-892C-EFB7FB7D425E}.Debug|x86.Build.0 = Debug|Any CPU
		{B8449B63-A7BE-43BC-892C-EFB7FB7D425E}.Release|Any CPU.ActiveCfg = Release|Any CPU
		{B8449B63-A7BE-43BC-892C-EFB7FB7D425E}.Release|Any CPU.Build.0 = Release|Any CPU
		{B8449B63-A7BE-43BC-892C-EFB7FB7D425E}.Release|x64.ActiveCfg = Release|Any CPU
		{B8449B63-A7BE-43BC-892C-EFB7FB7D425E}.Release|x64.Build.0 = Release|Any CPU
		{B8449B63-A7BE-43BC-892C-EFB7FB7D425E}.Release|x86.ActiveCfg = Release|Any CPU
		{B8449B63-A7BE-43BC-892C-EFB7FB7D425E}.Release|x86.Build.0 = Release|Any CPU
		{7D985AA3-9098-4545-AA98-2E67E82C2727}.Debug|Any CPU.ActiveCfg = Debug|Any CPU
		{7D985AA3-9098-4545-AA98-2E67E82C2727}.Debug|Any CPU.Build.0 = Debug|Any CPU
		{7D985AA3-9098-4545-AA98-2E67E82C2727}.Debug|x64.ActiveCfg = Debug|Any CPU
		{7D985AA3-9098-4545-AA98-2E67E82C2727}.Debug|x64.Build.0 = Debug|Any CPU
		{7D985AA3-9098-4545-AA98-2E67E82C2727}.Debug|x86.ActiveCfg = Debug|Any CPU
		{7D985AA3-9098-4545-AA98-2E67E82C2727}.Debug|x86.Build.0 = Debug|Any CPU
		{7D985AA3-9098-4545-AA98-2E67E82C2727}.Release|Any CPU.ActiveCfg = Release|Any CPU
		{7D985AA3-9098-4545-AA98-2E67E82C2727}.Release|Any CPU.Build.0 = Release|Any CPU
		{7D985AA3-9098-4545-AA98-2E67E82C2727}.Release|x64.ActiveCfg = Release|Any CPU
		{7D985AA3-9098-4545-AA98-2E67E82C2727}.Release|x64.Build.0 = Release|Any CPU
		{7D985AA3-9098-4545-AA98-2E67E82C2727}.Release|x86.ActiveCfg = Release|Any CPU
		{7D985AA3-9098-4545-AA98-2E67E82C2727}.Release|x86.Build.0 = Release|Any CPU
	EndGlobalSection
	GlobalSection(SolutionProperties) = preSolution
		HideSolutionNode = FALSE
	EndGlobalSection
	GlobalSection(NestedProjects) = preSolution
		{864784A0-2BCB-4611-9256-F120C39F6E25} = {827E0CD3-B72D-47B6-A68D-7590B98EB39B}
		{FD6BB1A5-E59A-4073-9588-EE2E620C721F} = {827E0CD3-B72D-47B6-A68D-7590B98EB39B}
		{D0A2339D-012B-48B1-BC7D-6B6CE05E8AE4} = {827E0CD3-B72D-47B6-A68D-7590B98EB39B}
		{C31C2AD0-3CA8-42C1-BDC7-57579B582AA3} = {827E0CD3-B72D-47B6-A68D-7590B98EB39B}
		{F87AF2A8-CC7D-4778-A21B-A815263734CD} = {827E0CD3-B72D-47B6-A68D-7590B98EB39B}
		{813A800D-97DE-4552-BFDD-DC1D1FA4F885} = {0AB3BF05-4346-4AA6-1389-037BE0695223}
		{56EF9921-6126-4117-8C87-9A4351F53F43} = {0AB3BF05-4346-4AA6-1389-037BE0695223}
		{B8449B63-A7BE-43BC-892C-EFB7FB7D425E} = {0AB3BF05-4346-4AA6-1389-037BE0695223}
		{7D985AA3-9098-4545-AA98-2E67E82C2727} = {0AB3BF05-4346-4AA6-1389-037BE0695223}
	EndGlobalSection
	GlobalSection(ExtensibilityGlobals) = postSolution
		SolutionGuid = {B746CD2F-9EE7-49F5-BF83-6B79F7DFD3E3}
	EndGlobalSection
EndGlobal
